// !$*UTF8*$!
{
	archiveVersion = 1;
	classes = {
	};
	objectVersion = 46;
	objects = {

/* Begin PBXBuildFile section */
		FD09012B1C8C51E1001A6FF2 /* main.m in Sources */ = {isa = PBXBuildFile; fileRef = FD09012A1C8C51E1001A6FF2 /* main.m */; };
		FD09012E1C8C51E1001A6FF2 /* AppDelegate.m in Sources */ = {isa = PBXBuildFile; fileRef = FD09012D1C8C51E1001A6FF2 /* AppDelegate.m */; };
		FD0901311C8C51E1001A6FF2 /* ViewController.m in Sources */ = {isa = PBXBuildFile; fileRef = FD0901301C8C51E1001A6FF2 /* ViewController.m */; };
		FD0901341C8C51E1001A6FF2 /* Main.storyboard in Resources */ = {isa = PBXBuildFile; fileRef = FD0901321C8C51E1001A6FF2 /* Main.storyboard */; };
		FD0901361C8C51E1001A6FF2 /* Assets.xcassets in Resources */ = {isa = PBXBuildFile; fileRef = FD0901351C8C51E1001A6FF2 /* Assets.xcassets */; };
		FD0901391C8C51E1001A6FF2 /* LaunchScreen.storyboard in Resources */ = {isa = PBXBuildFile; fileRef = FD0901371C8C51E1001A6FF2 /* LaunchScreen.storyboard */; };
/* End PBXBuildFile section */

/* Begin PBXFileReference section */
		FD0901261C8C51E1001A6FF2 /* LoginAnimation.app */ = {isa = PBXFileReference; explicitFileType = wrapper.application; includeInIndex = 0; path = LoginAnimation.app; sourceTree = BUILT_PRODUCTS_DIR; };
		FD09012A1C8C51E1001A6FF2 /* main.m */ = {isa = PBXFileReference; lastKnownFileType = sourcecode.c.objc; path = main.m; sourceTree = "<group>"; };
		FD09012C1C8C51E1001A6FF2 /* AppDelegate.h */ = {isa = PBXFileReference; lastKnownFileType = sourcecode.c.h; path = AppDelegate.h; sourceTree = "<group>"; };
		FD09012D1C8C51E1001A6FF2 /* AppDelegate.m */ = {isa = PBXFileReference; lastKnownFileType = sourcecode.c.objc; path = AppDelegate.m; sourceTree = "<group>"; };
		FD09012F1C8C51E1001A6FF2 /* ViewController.h */ = {isa = PBXFileReference; lastKnownFileType = sourcecode.c.h; path = ViewController.h; sourceTree = "<group>"; };
		FD0901301C8C51E1001A6FF2 /* ViewController.m */ = {isa = PBXFileReference; lastKnownFileType = sourcecode.c.objc; path = ViewController.m; sourceTree = "<group>"; };
		FD0901331C8C51E1001A6FF2 /* Base */ = {isa = PBXFileReference; lastKnownFileType = file.storyboard; name = Base; path = Base.lproj/Main.storyboard; sourceTree = "<group>"; };
		FD0901351C8C51E1001A6FF2 /* Assets.xcassets */ = {isa = PBXFileReference; lastKnownFileType = folder.assetcatalog; path = Assets.xcassets; sourceTree = "<group>"; };
		FD0901381C8C51E1001A6FF2 /* Base */ = {isa = PBXFileReference; lastKnownFileType = file.storyboard; name = Base; path = Base.lproj/LaunchScreen.storyboard; sourceTree = "<group>"; };
		FD09013A1C8C51E1001A6FF2 /* Info.plist */ = {isa = PBXFileReference; lastKnownFileType = text.plist.xml; path = Info.plist; sourceTree = "<group>"; };
/* End PBXFileReference section */

/* Begin PBXFrameworksBuildPhase section */
		FD0901231C8C51E1001A6FF2 /* Frameworks */ = {
			isa = PBXFrameworksBuildPhase;
			buildActionMask = 2147483647;
			files = (
			);
			runOnlyForDeploymentPostprocessing = 0;
		};
/* End PBXFrameworksBuildPhase section */

/* Begin PBXGroup section */
		FD09011D1C8C51E1001A6FF2 = {
			isa = PBXGroup;
			children = (
				FD0901281C8C51E1001A6FF2 /* LoginAnimation */,
				FD0901271C8C51E1001A6FF2 /* Products */,
			);
			sourceTree = "<group>";
		};
		FD0901271C8C51E1001A6FF2 /* Products */ = {
			isa = PBXGroup;
			children = (
				FD0901261C8C51E1001A6FF2 /* LoginAnimation.app */,
			);
			name = Products;
			sourceTree = "<group>";
		};
		FD0901281C8C51E1001A6FF2 /* LoginAnimation */ = {
			isa = PBXGroup;
			children = (
				FD09012C1C8C51E1001A6FF2 /* AppDelegate.h */,
				FD09012D1C8C51E1001A6FF2 /* AppDelegate.m */,
				FD09012F1C8C51E1001A6FF2 /* ViewController.h */,
				FD0901301C8C51E1001A6FF2 /* ViewController.m */,
				FD0901321C8C51E1001A6FF2 /* Main.storyboard */,
				FD0901351C8C51E1001A6FF2 /* Assets.xcassets */,
				FD0901371C8C51E1001A6FF2 /* LaunchScreen.storyboard */,
				FD09013A1C8C51E1001A6FF2 /* Info.plist */,
				FD0901291C8C51E1001A6FF2 /* Supporting Files */,
			);
			path = LoginAnimation;
			sourceTree = "<group>";
		};
		FD0901291C8C51E1001A6FF2 /* Supporting Files */ = {
			isa = PBXGroup;
			children = (
				FD09012A1C8C51E1001A6FF2 /* main.m */,
			);
			name = "Supporting Files";
			sourceTree = "<group>";
		};
/* End PBXGroup section */

/* Begin PBXNativeTarget section */
		FD0901251C8C51E1001A6FF2 /* LoginAnimation */ = {
			isa = PBXNativeTarget;
			buildConfigurationList = FD09013D1C8C51E1001A6FF2 /* Build configuration list for PBXNativeTarget "LoginAnimation" */;
			buildPhases = (
				FD0901221C8C51E1001A6FF2 /* Sources */,
				FD0901231C8C51E1001A6FF2 /* Frameworks */,
				FD0901241C8C51E1001A6FF2 /* Resources */,
			);
			buildRules = (
			);
			dependencies = (
			);
			name = LoginAnimation;
			productName = LoginAnimation;
			productReference = FD0901261C8C51E1001A6FF2 /* LoginAnimation.app */;
			productType = "com.apple.product-type.application";
		};
/* End PBXNativeTarget section */

/* Begin PBXProject section */
		FD09011E1C8C51E1001A6FF2 /* Project object */ = {
			isa = PBXProject;
			attributes = {
				LastUpgradeCheck = 0720;
				ORGANIZATIONNAME = thanksdanny;
				TargetAttributes = {
					FD0901251C8C51E1001A6FF2 = {
						CreatedOnToolsVersion = 7.2.1;
					};
				};
			};
			buildConfigurationList = FD0901211C8C51E1001A6FF2 /* Build configuration list for PBXProject "LoginAnimation" */;
			compatibilityVersion = "Xcode 3.2";
			developmentRegion = English;
			hasScannedForEncodings = 0;
			knownRegions = (
				en,
				Base,
			);
			mainGroup = FD09011D1C8C51E1001A6FF2;
			productRefGroup = FD0901271C8C51E1001A6FF2 /* Products */;
			projectDirPath = "";
			projectRoot = "";
			targets = (
				FD0901251C8C51E1001A6FF2 /* LoginAnimation */,
			);
		};
/* End PBXProject section */

/* Begin PBXResourcesBuildPhase section */
		FD0901241C8C51E1001A6FF2 /* Resources */ = {
			isa = PBXResourcesBuildPhase;
			buildActionMask = 2147483647;
			files = (
				FD0901391C8C51E1001A6FF2 /* LaunchScreen.storyboard in Resources */,
				FD0901361C8C51E1001A6FF2 /* Assets.xcassets in Resources */,
				FD0901341C8C51E1001A6FF2 /* Main.storyboard in Resources */,
			);
			runOnlyForDeploymentPostprocessing = 0;
		};
/* End PBXResourcesBuildPhase section */

/* Begin PBXSourcesBuildPhase section */
		FD0901221C8C51E1001A6FF2 /* Sources */ = {
			isa = PBXSourcesBuildPhase;
			buildActionMask = 2147483647;
			files = (
				FD0901311C8C51E1001A6FF2 /* ViewController.m in Sources */,
				FD09012E1C8C51E1001A6FF2 /* AppDelegate.m in Sources */,
				FD09012B1C8C51E1001A6FF2 /* main.m in Sources */,
			);
			runOnlyForDeploymentPostprocessing = 0;
		};
/* End PBXSourcesBuildPhase section */

/* Begin PBXVariantGroup section */
		FD0901321C8C51E1001A6FF2 /* Main.storyboard */ = {
			isa = PBXVariantGroup;
			children = (
				FD0901331C8C51E1001A6FF2 /* Base */,
			);
			name = Main.storyboard;
			sourceTree = "<group>";
		};
		FD0901371C8C51E1001A6FF2 /* LaunchScreen.storyboard */ = {
			isa = PBXVariantGroup;
			children = (
				FD0901381C8C51E1001A6FF2 /* Base */,
			);
			name = LaunchScreen.storyboard;
			sourceTree = "<group>";
		};
/* End PBXVariantGroup section */

/* Begin XCBuildConfiguration section */
		FD09013B1C8C51E1001A6FF2 /* Debug */ = {
			isa = XCBuildConfiguration;
			buildSettings = {
				ALWAYS_SEARCH_USER_PATHS = NO;
				CLANG_CXX_LANGUAGE_STANDARD = "gnu++0x";
				CLANG_CXX_LIBRARY = "libc++";
				CLANG_ENABLE_MODULES = YES;
				CLANG_ENABLE_OBJC_ARC = YES;
				CLANG_WARN_BOOL_CONVERSION = YES;
				CLANG_WARN_CONSTANT_CONVERSION = YES;
				CLANG_WARN_DIRECT_OBJC_ISA_USAGE = YES_ERROR;
				CLANG_WARN_EMPTY_BODY = YES;
				CLANG_WARN_ENUM_CONVERSION = YES;
				CLANG_WARN_INT_CONVERSION = YES;
				CLANG_WARN_OBJC_ROOT_CLASS = YES_ERROR;
				CLANG_WARN_UNREACHABLE_CODE = YES;
				CLANG_WARN__DUPLICATE_METHOD_MATCH = YES;
				"CODE_SIGN_IDENTITY[sdk=iphoneos*]" = "iPhone Developer";
				COPY_PHASE_STRIP = NO;
				DEBUG_INFORMATION_FORMAT = dwarf;
				ENABLE_STRICT_OBJC_MSGSEND = YES;
				ENABLE_TESTABILITY = YES;
				GCC_C_LANGUAGE_STANDARD = gnu99;
				GCC_DYNAMIC_NO_PIC = NO;
				GCC_NO_COMMON_BLOCKS = YES;
				GCC_OPTIMIZATION_LEVEL = 0;
				GCC_PREPROCESSOR_DEFINITIONS = (
					"DEBUG=1",
					"$(inherited)",
				);
				GCC_WARN_64_TO_32_BIT_CONVERSION = YES;
				GCC_WARN_ABOUT_RETURN_TYPE = YES_ERROR;
				GCC_WARN_UNDECLARED_SELECTOR = YES;
				GCC_WARN_UNINITIALIZED_AUTOS = YES_AGGRESSIVE;
				GCC_WARN_UNUSED_FUNCTION = YES;
				GCC_WARN_UNUSED_VARIABLE = YES;
				IPHONEOS_DEPLOYMENT_TARGET = 9.2;
				MTL_ENABLE_DEBUG_INFO = YES;
				ONLY_ACTIVE_ARCH = YES;
				SDKROOT = iphoneos;
			};
			name = Debug;
		};
		FD09013C1C8C51E1001A6FF2 /* Release */ = {
			isa = XCBuildConfiguration;
			buildSettings = {
				ALWAYS_SEARCH_USER_PATHS = NO;
				CLANG_CXX_LANGUAGE_STANDARD = "gnu++0x";
				CLANG_CXX_LIBRARY = "libc++";
				CLANG_ENABLE_MODULES = YES;
				CLANG_ENABLE_OBJC_ARC = YES;
				CLANG_WARN_BOOL_CONVERSION = YES;
				CLANG_WARN_CONSTANT_CONVERSION = YES;
				CLANG_WARN_DIRECT_OBJC_ISA_USAGE = YES_ERROR;
				CLANG_WARN_EMPTY_BODY = YES;
				CLANG_WARN_ENUM_CONVERSION = YES;
				CLANG_WARN_INT_CONVERSION = YES;
				CLANG_WARN_OBJC_ROOT_CLASS = YES_ERROR;
				CLANG_WARN_UNREACHABLE_CODE = YES;
				CLANG_WARN__DUPLICATE_METHOD_MATCH = YES;
				"CODE_SIGN_IDENTITY[sdk=iphoneos*]" = "iPhone Developer";
				COPY_PHASE_STRIP = NO;
				DEBUG_INFORMATION_FORMAT = "dwarf-with-dsym";
				ENABLE_NS_ASSERTIONS = NO;
				ENABLE_STRICT_OBJC_MSGSEND = YES;
				GCC_C_LANGUAGE_STANDARD = gnu99;
				GCC_NO_COMMON_BLOCKS = YES;
				GCC_WARN_64_TO_32_BIT_CONVERSION = YES;
				GCC_WARN_ABOUT_RETURN_TYPE = YES_ERROR;
				GCC_WARN_UNDECLARED_SELECTOR = YES;
				GCC_WARN_UNINITIALIZED_AUTOS = YES_AGGRESSIVE;
				GCC_WARN_UNUSED_FUNCTION = YES;
				GCC_WARN_UNUSED_VARIABLE = YES;
				IPHONEOS_DEPLOYMENT_TARGET = 9.2;
				MTL_ENABLE_DEBUG_INFO = NO;
				SDKROOT = iphoneos;
				VALIDATE_PRODUCT = YES;
			};
			name = Release;
		};
		FD09013E1C8C51E1001A6FF2 /* Debug */ = {
			isa = XCBuildConfiguration;
			buildSettings = {
				ASSETCATALOG_COMPILER_APPICON_NAME = AppIcon;
				INFOPLIST_FILE = LoginAnimation/Info.plist;
				LD_RUNPATH_SEARCH_PATHS = "$(inherited) @executable_path/Frameworks";
				PRODUCT_BUNDLE_IDENTIFIER = com.thanksdanny.LoginAnimation;
				PRODUCT_NAME = "$(TARGET_NAME)";
			};
			name = Debug;
		};
		FD09013F1C8C51E1001A6FF2 /* Release */ = {
			isa = XCBuildConfiguration;
			buildSettings = {
				ASSETCATALOG_COMPILER_APPICON_NAME = AppIcon;
				INFOPLIST_FILE = LoginAnimation/Info.plist;
				LD_RUNPATH_SEARCH_PATHS = "$(inherited) @executable_path/Frameworks";
				PRODUCT_BUNDLE_IDENTIFIER = com.thanksdanny.LoginAnimation;
				PRODUCT_NAME = "$(TARGET_NAME)";
			};
			name = Release;
		};
/* End XCBuildConfiguration section */

/* Begin XCConfigurationList section */
		FD0901211C8C51E1001A6FF2 /* Build configuration list for PBXProject "LoginAnimation" */ = {
			isa = XCConfigurationList;
			buildConfigurations = (
				FD09013B1C8C51E1001A6FF2 /* Debug */,
				FD09013C1C8C51E1001A6FF2 /* Release */,
			);
			defaultConfigurationIsVisible = 0;
			defaultConfigurationName = Release;
		};
		FD09013D1C8C51E1001A6FF2 /* Build configuration list for PBXNativeTarget "LoginAnimation" */ = {
			isa = XCConfigurationList;
			buildConfigurations = (
				FD09013E1C8C51E1001A6FF2 /* Debug */,
				FD09013F1C8C51E1001A6FF2 /* Release */,
			);
			defaultConfigurationIsVisible = 0;
		};
/* End XCConfigurationList section */
	};
	rootObject = FD09011E1C8C51E1001A6FF2 /* Project object */;
}
